
Microsoft Visual Studio Solution File, Format Version 12.00
# Visual Studio Version 17
VisualStudioVersion = 17.5.002.0
MinimumVisualStudioVersion = 10.0.40219.1
Project("{9A19103F-16F7-4668-BE54-9A1E7A4F7556}") = "practica2-jth2121user", "practica2-jth2121user.csproj", "{6E9DA77C-7B4A-4C14-B27C-1028885779B3}"
EndProject
Global
	GlobalSection(SolutionConfigurationPlatforms) = preSolution
		Debug|Any CPU = Debug|Any CPU
		Release|Any CPU = Release|Any CPU
	EndGlobalSection
	GlobalSection(ProjectConfigurationPlatforms) = postSolution
		{6E9DA77C-7B4A-4C14-B27C-1028885779B3}.Debug|Any CPU.ActiveCfg = Debug|Any CPU
		{6E9DA77C-7B4A-4C14-B27C-1028885779B3}.Debug|Any CPU.Build.0 = Debug|Any CPU
		{6E9DA77C-7B4A-4C14-B27C-1028885779B3}.Release|Any CPU.ActiveCfg = Release|Any CPU
		{6E9DA77C-7B4A-4C14-B27C-1028885779B3}.Release|Any CPU.Build.0 = Release|Any CPU
	EndGlobalSection
	GlobalSection(SolutionProperties) = preSolution
		HideSolutionNode = FALSE
	EndGlobalSection
	GlobalSection(ExtensibilityGlobals) = postSolution
		SolutionGuid = {01224CA5-674D-47D4-96AC-AE87C43D352F}
	EndGlobalSection
EndGlobal
